// !$*UTF8*$!
{
	archiveVersion = 1;
	classes = {
	};
	objectVersion = 50;
	objects = {

/* Begin PBXBuildFile section */
		6439C3AA25DBA16E00F7899C /* App_ToDoApp.swift in Sources */ = {isa = PBXBuildFile; fileRef = 6439C3A925DBA16E00F7899C /* App_ToDoApp.swift */; };
		6439C3AC25DBA16E00F7899C /* ContentView.swift in Sources */ = {isa = PBXBuildFile; fileRef = 6439C3AB25DBA16E00F7899C /* ContentView.swift */; };
		6439C3AE25DBA16E00F7899C /* Assets.xcassets in Resources */ = {isa = PBXBuildFile; fileRef = 6439C3AD25DBA16E00F7899C /* Assets.xcassets */; };
		6439C3B125DBA16E00F7899C /* Preview Assets.xcassets in Resources */ = {isa = PBXBuildFile; fileRef = 6439C3B025DBA16E00F7899C /* Preview Assets.xcassets */; };
		6439C3BC25DBA16F00F7899C /* App_ToDoTests.swift in Sources */ = {isa = PBXBuildFile; fileRef = 6439C3BB25DBA16F00F7899C /* App_ToDoTests.swift */; };
		6439C3C725DBA16F00F7899C /* App_ToDoUITests.swift in Sources */ = {isa = PBXBuildFile; fileRef = 6439C3C625DBA16F00F7899C /* App_ToDoUITests.swift */; };
		6439C3D825DBA25000F7899C /* DataStore.swift in Sources */ = {isa = PBXBuildFile; fileRef = 6439C3D725DBA25000F7899C /* DataStore.swift */; };
/* End PBXBuildFile section */

/* Begin PBXContainerItemProxy section */
		6439C3B825DBA16F00F7899C /* PBXContainerItemProxy */ = {
			isa = PBXContainerItemProxy;
			containerPortal = 6439C39E25DBA16E00F7899C /* Project object */;
			proxyType = 1;
			remoteGlobalIDString = 6439C3A525DBA16E00F7899C;
			remoteInfo = "App ToDo";
		};
		6439C3C325DBA16F00F7899C /* PBXContainerItemProxy */ = {
			isa = PBXContainerItemProxy;
			containerPortal = 6439C39E25DBA16E00F7899C /* Project object */;
			proxyType = 1;
			remoteGlobalIDString = 6439C3A525DBA16E00F7899C;
			remoteInfo = "App ToDo";
		};
/* End PBXContainerItemProxy section */

/* Begin PBXFileReference section */
		6439C3A625DBA16E00F7899C /* App ToDo.app */ = {isa = PBXFileReference; explicitFileType = wrapper.application; includeInIndex = 0; path = "App ToDo.app"; sourceTree = BUILT_PRODUCTS_DIR; };
		6439C3A925DBA16E00F7899C /* App_ToDoApp.swift */ = {isa = PBXFileReference; lastKnownFileType = sourcecode.swift; path = App_ToDoApp.swift; sourceTree = "<group>"; };
		6439C3AB25DBA16E00F7899C /* ContentView.swift */ = {isa = PBXFileReference; lastKnownFileType = sourcecode.swift; path = ContentView.swift; sourceTree = "<group>"; };
		6439C3AD25DBA16E00F7899C /* Assets.xcassets */ = {isa = PBXFileReference; lastKnownFileType = folder.assetcatalog; path = Assets.xcassets; sourceTree = "<group>"; };
		6439C3B025DBA16E00F7899C /* Preview Assets.xcassets */ = {isa = PBXFileReference; lastKnownFileType = folder.assetcatalog; path = "Preview Assets.xcassets"; sourceTree = "<group>"; };
		6439C3B225DBA16E00F7899C /* Info.plist */ = {isa = PBXFileReference; lastKnownFileType = text.plist.xml; path = Info.plist; sourceTree = "<group>"; };
		6439C3B725DBA16F00F7899C /* App ToDoTests.xctest */ = {isa = PBXFileReference; explicitFileType = wrapper.cfbundle; includeInIndex = 0; path = "App ToDoTests.xctest"; sourceTree = BUILT_PRODUCTS_DIR; };
		6439C3BB25DBA16F00F7899C /* App_ToDoTests.swift */ = {isa = PBXFileReference; lastKnownFileType = sourcecode.swift; path = App_ToDoTests.swift; sourceTree = "<group>"; };
		6439C3BD25DBA16F00F7899C /* Info.plist */ = {isa = PBXFileReference; lastKnownFileType = text.plist.xml; path = Info.plist; sourceTree = "<group>"; };
		6439C3C225DBA16F00F7899C /* App ToDoUITests.xctest */ = {isa = PBXFileReference; explicitFileType = wrapper.cfbundle; includeInIndex = 0; path = "App ToDoUITests.xctest"; sourceTree = BUILT_PRODUCTS_DIR; };
		6439C3C625DBA16F00F7899C /* App_ToDoUITests.swift */ = {isa = PBXFileReference; lastKnownFileType = sourcecode.swift; path = App_ToDoUITests.swift; sourceTree = "<group>"; };
		6439C3C825DBA16F00F7899C /* Info.plist */ = {isa = PBXFileReference; lastKnownFileType = text.plist.xml; path = Info.plist; sourceTree = "<group>"; };
		6439C3D725DBA25000F7899C /* DataStore.swift */ = {isa = PBXFileReference; lastKnownFileType = sourcecode.swift; path = DataStore.swift; sourceTree = "<group>"; };
/* End PBXFileReference section */

/* Begin PBXFrameworksBuildPhase section */
		6439C3A325DBA16E00F7899C /* Frameworks */ = {
			isa = PBXFrameworksBuildPhase;
			buildActionMask = 2147483647;
			files = (
			);
			runOnlyForDeploymentPostprocessing = 0;
		};
		6439C3B425DBA16F00F7899C /* Frameworks */ = {
			isa = PBXFrameworksBuildPhase;
			buildActionMask = 2147483647;
			files = (
			);
			runOnlyForDeploymentPostprocessing = 0;
		};
		6439C3BF25DBA16F00F7899C /* Frameworks */ = {
			isa = PBXFrameworksBuildPhase;
			buildActionMask = 2147483647;
			files = (
			);
			runOnlyForDeploymentPostprocessing = 0;
		};
/* End PBXFrameworksBuildPhase section */

/* Begin PBXGroup section */
		6439C39D25DBA16E00F7899C = {
			isa = PBXGroup;
			children = (
				6439C3A825DBA16E00F7899C /* App ToDo */,
				6439C3BA25DBA16F00F7899C /* App ToDoTests */,
				6439C3C525DBA16F00F7899C /* App ToDoUITests */,
				6439C3A725DBA16E00F7899C /* Products */,
			);
			sourceTree = "<group>";
		};
		6439C3A725DBA16E00F7899C /* Products */ = {
			isa = PBXGroup;
			children = (
				6439C3A625DBA16E00F7899C /* App ToDo.app */,
				6439C3B725DBA16F00F7899C /* App ToDoTests.xctest */,
				6439C3C225DBA16F00F7899C /* App ToDoUITests.xctest */,
			);
			name = Products;
			sourceTree = "<group>";
		};
		6439C3A825DBA16E00F7899C /* App ToDo */ = {
			isa = PBXGroup;
			children = (
				6439C3A925DBA16E00F7899C /* App_ToDoApp.swift */,
				6439C3AB25DBA16E00F7899C /* ContentView.swift */,
				6439C3D725DBA25000F7899C /* DataStore.swift */,
				6439C3AD25DBA16E00F7899C /* Assets.xcassets */,
				6439C3B225DBA16E00F7899C /* Info.plist */,
				6439C3AF25DBA16E00F7899C /* Preview Content */,
			);
			path = "App ToDo";
			sourceTree = "<group>";
		};
		6439C3AF25DBA16E00F7899C /* Preview Content */ = {
			isa = PBXGroup;
			children = (
				6439C3B025DBA16E00F7899C /* Preview Assets.xcassets */,
			);
			path = "Preview Content";
			sourceTree = "<group>";
		};
		6439C3BA25DBA16F00F7899C /* App ToDoTests */ = {
			isa = PBXGroup;
			children = (
				6439C3BB25DBA16F00F7899C /* App_ToDoTests.swift */,
				6439C3BD25DBA16F00F7899C /* Info.plist */,
			);
			path = "App ToDoTests";
			sourceTree = "<group>";
		};
		6439C3C525DBA16F00F7899C /* App ToDoUITests */ = {
			isa = PBXGroup;
			children = (
				6439C3C625DBA16F00F7899C /* App_ToDoUITests.swift */,
				6439C3C825DBA16F00F7899C /* Info.plist */,
			);
			path = "App ToDoUITests";
			sourceTree = "<group>";
		};
/* End PBXGroup section */

/* Begin PBXNativeTarget section */
		6439C3A525DBA16E00F7899C /* App ToDo */ = {
			isa = PBXNativeTarget;
			buildConfigurationList = 6439C3CB25DBA16F00F7899C /* Build configuration list for PBXNativeTarget "App ToDo" */;
			buildPhases = (
				6439C3A225DBA16E00F7899C /* Sources */,
				6439C3A325DBA16E00F7899C /* Frameworks */,
				6439C3A425DBA16E00F7899C /* Resources */,
			);
			buildRules = (
			);
			dependencies = (
			);
			name = "App ToDo";
			productName = "App ToDo";
			productReference = 6439C3A625DBA16E00F7899C /* App ToDo.app */;
			productType = "com.apple.product-type.application";
		};
		6439C3B625DBA16F00F7899C /* App ToDoTests */ = {
			isa = PBXNativeTarget;
			buildConfigurationList = 6439C3CE25DBA16F00F7899C /* Build configuration list for PBXNativeTarget "App ToDoTests" */;
			buildPhases = (
				6439C3B325DBA16F00F7899C /* Sources */,
				6439C3B425DBA16F00F7899C /* Frameworks */,
				6439C3B525DBA16F00F7899C /* Resources */,
			);
			buildRules = (
			);
			dependencies = (
				6439C3B925DBA16F00F7899C /* PBXTargetDependency */,
			);
			name = "App ToDoTests";
			productName = "App ToDoTests";
			productReference = 6439C3B725DBA16F00F7899C /* App ToDoTests.xctest */;
			productType = "com.apple.product-type.bundle.unit-test";
		};
		6439C3C125DBA16F00F7899C /* App ToDoUITests */ = {
			isa = PBXNativeTarget;
			buildConfigurationList = 6439C3D125DBA16F00F7899C /* Build configuration list for PBXNativeTarget "App ToDoUITests" */;
			buildPhases = (
				6439C3BE25DBA16F00F7899C /* Sources */,
				6439C3BF25DBA16F00F7899C /* Frameworks */,
				6439C3C025DBA16F00F7899C /* Resources */,
			);
			buildRules = (
			);
			dependencies = (
				6439C3C425DBA16F00F7899C /* PBXTargetDependency */,
			);
			name = "App ToDoUITests";
			productName = "App ToDoUITests";
			productReference = 6439C3C225DBA16F00F7899C /* App ToDoUITests.xctest */;
			productType = "com.apple.product-type.bundle.ui-testing";
		};
/* End PBXNativeTarget section */

/* Begin PBXProject section */
		6439C39E25DBA16E00F7899C /* Project object */ = {
			isa = PBXProject;
			attributes = {
				LastSwiftUpdateCheck = 1240;
				LastUpgradeCheck = 1240;
				TargetAttributes = {
					6439C3A525DBA16E00F7899C = {
						CreatedOnToolsVersion = 12.4;
					};
					6439C3B625DBA16F00F7899C = {
						CreatedOnToolsVersion = 12.4;
						TestTargetID = 6439C3A525DBA16E00F7899C;
					};
					6439C3C125DBA16F00F7899C = {
						CreatedOnToolsVersion = 12.4;
						TestTargetID = 6439C3A525DBA16E00F7899C;
					};
				};
			};
			buildConfigurationList = 6439C3A125DBA16E00F7899C /* Build configuration list for PBXProject "App ToDo" */;
			compatibilityVersion = "Xcode 9.3";
			developmentRegion = en;
			hasScannedForEncodings = 0;
			knownRegions = (
				en,
				Base,
			);
			mainGroup = 6439C39D25DBA16E00F7899C;
			productRefGroup = 6439C3A725DBA16E00F7899C /* Products */;
			projectDirPath = "";
			projectRoot = "";
			targets = (
				6439C3A525DBA16E00F7899C /* App ToDo */,
				6439C3B625DBA16F00F7899C /* App ToDoTests */,
				6439C3C125DBA16F00F7899C /* App ToDoUITests */,
			);
		};
/* End PBXProject section */

/* Begin PBXResourcesBuildPhase section */
		6439C3A425DBA16E00F7899C /* Resources */ = {
			isa = PBXResourcesBuildPhase;
			buildActionMask = 2147483647;
			files = (
				6439C3B125DBA16E00F7899C /* Preview Assets.xcassets in Resources */,
				6439C3AE25DBA16E00F7899C /* Assets.xcassets in Resources */,
			);
			runOnlyForDeploymentPostprocessing = 0;
		};
		6439C3B525DBA16F00F7899C /* Resources */ = {
			isa = PBXResourcesBuildPhase;
			buildActionMask = 2147483647;
			files = (
			);
			runOnlyForDeploymentPostprocessing = 0;
		};
		6439C3C025DBA16F00F7899C /* Resources */ = {
			isa = PBXResourcesBuildPhase;
			buildActionMask = 2147483647;
			files = (
			);
			runOnlyForDeploymentPostprocessing = 0;
		};
/* End PBXResourcesBuildPhase section */

/* Begin PBXSourcesBuildPhase section */
		6439C3A225DBA16E00F7899C /* Sources */ = {
			isa = PBXSourcesBuildPhase;
			buildActionMask = 2147483647;
			files = (
				6439C3AC25DBA16E00F7899C /* ContentView.swift in Sources */,
				6439C3D825DBA25000F7899C /* DataStore.swift in Sources */,
				6439C3AA25DBA16E00F7899C /* App_ToDoApp.swift in Sources */,
			);
			runOnlyForDeploymentPostprocessing = 0;
		};
		6439C3B325DBA16F00F7899C /* Sources */ = {
			isa = PBXSourcesBuildPhase;
			buildActionMask = 2147483647;
			files = (
				6439C3BC25DBA16F00F7899C /* App_ToDoTests.swift in Sources */,
			);
			runOnlyForDeploymentPostprocessing = 0;
		};
		6439C3BE25DBA16F00F7899C /* Sources */ = {
			isa = PBXSourcesBuildPhase;
			buildActionMask = 2147483647;
			files = (
				6439C3C725DBA16F00F7899C /* App_ToDoUITests.swift in Sources */,
			);
			runOnlyForDeploymentPostprocessing = 0;
		};
/* End PBXSourcesBuildPhase section */

/* Begin PBXTargetDependency section */
		6439C3B925DBA16F00F7899C /* PBXTargetDependency */ = {
			isa = PBXTargetDependency;
			target = 6439C3A525DBA16E00F7899C /* App ToDo */;
			targetProxy = 6439C3B825DBA16F00F7899C /* PBXContainerItemProxy */;
		};
		6439C3C425DBA16F00F7899C /* PBXTargetDependency */ = {
			isa = PBXTargetDependency;
			target = 6439C3A525DBA16E00F7899C /* App ToDo */;
			targetProxy = 6439C3C325DBA16F00F7899C /* PBXContainerItemProxy */;
		};
/* End PBXTargetDependency section */

/* Begin XCBuildConfiguration section */
		6439C3C925DBA16F00F7899C /* Debug */ = {
			isa = XCBuildConfiguration;
			buildSettings = {
				ALWAYS_SEARCH_USER_PATHS = NO;
				CLANG_ANALYZER_NONNULL = YES;
				CLANG_ANALYZER_NUMBER_OBJECT_CONVERSION = YES_AGGRESSIVE;
				CLANG_CXX_LANGUAGE_STANDARD = "gnu++14";
				CLANG_CXX_LIBRARY = "libc++";
				CLANG_ENABLE_MODULES = YES;
				CLANG_ENABLE_OBJC_ARC = YES;
				CLANG_ENABLE_OBJC_WEAK = YES;
				CLANG_WARN_BLOCK_CAPTURE_AUTORELEASING = YES;
				CLANG_WARN_BOOL_CONVERSION = YES;
				CLANG_WARN_COMMA = YES;
				CLANG_WARN_CONSTANT_CONVERSION = YES;
				CLANG_WARN_DEPRECATED_OBJC_IMPLEMENTATIONS = YES;
				CLANG_WARN_DIRECT_OBJC_ISA_USAGE = YES_ERROR;
				CLANG_WARN_DOCUMENTATION_COMMENTS = YES;
				CLANG_WARN_EMPTY_BODY = YES;
				CLANG_WARN_ENUM_CONVERSION = YES;
				CLANG_WARN_INFINITE_RECURSION = YES;
				CLANG_WARN_INT_CONVERSION = YES;
				CLANG_WARN_NON_LITERAL_NULL_CONVERSION = YES;
				CLANG_WARN_OBJC_IMPLICIT_RETAIN_SELF = YES;
				CLANG_WARN_OBJC_LITERAL_CONVERSION = YES;
				CLANG_WARN_OBJC_ROOT_CLASS = YES_ERROR;
				CLANG_WARN_QUOTED_INCLUDE_IN_FRAMEWORK_HEADER = YES;
				CLANG_WARN_RANGE_LOOP_ANALYSIS = YES;
				CLANG_WARN_STRICT_PROTOTYPES = YES;
				CLANG_WARN_SUSPICIOUS_MOVE = YES;
				CLANG_WARN_UNGUARDED_AVAILABILITY = YES_AGGRESSIVE;
				CLANG_WARN_UNREACHABLE_CODE = YES;
				CLANG_WARN__DUPLICATE_METHOD_MATCH = YES;
				COPY_PHASE_STRIP = NO;
				DEBUG_INFORMATION_FORMAT = dwarf;
				ENABLE_STRICT_OBJC_MSGSEND = YES;
				ENABLE_TESTABILITY = YES;
				GCC_C_LANGUAGE_STANDARD = gnu11;
				GCC_DYNAMIC_NO_PIC = NO;
				GCC_NO_COMMON_BLOCKS = YES;
				GCC_OPTIMIZATION_LEVEL = 0;
				GCC_PREPROCESSOR_DEFINITIONS = (
					"DEBUG=1",
					"$(inherited)",
				);
				GCC_WARN_64_TO_32_BIT_CONVERSION = YES;
				GCC_WARN_ABOUT_RETURN_TYPE = YES_ERROR;
				GCC_WARN_UNDECLARED_SELECTOR = YES;
				GCC_WARN_UNINITIALIZED_AUTOS = YES_AGGRESSIVE;
				GCC_WARN_UNUSED_FUNCTION = YES;
				GCC_WARN_UNUSED_VARIABLE = YES;
				IPHONEOS_DEPLOYMENT_TARGET = 14.4;
				MTL_ENABLE_DEBUG_INFO = INCLUDE_SOURCE;
				MTL_FAST_MATH = YES;
				ONLY_ACTIVE_ARCH = YES;
				SDKROOT = iphoneos;
				SWIFT_ACTIVE_COMPILATION_CONDITIONS = DEBUG;
				SWIFT_OPTIMIZATION_LEVEL = "-Onone";
			};
			name = Debug;
		};
		6439C3CA25DBA16F00F7899C /* Release */ = {
			isa = XCBuildConfiguration;
			buildSettings = {
				ALWAYS_SEARCH_USER_PATHS = NO;
				CLANG_ANALYZER_NONNULL = YES;
				CLANG_ANALYZER_NUMBER_OBJECT_CONVERSION = YES_AGGRESSIVE;
				CLANG_CXX_LANGUAGE_STANDARD = "gnu++14";
				CLANG_CXX_LIBRARY = "libc++";
				CLANG_ENABLE_MODULES = YES;
				CLANG_ENABLE_OBJC_ARC = YES;
				CLANG_ENABLE_OBJC_WEAK = YES;
				CLANG_WARN_BLOCK_CAPTURE_AUTORELEASING = YES;
				CLANG_WARN_BOOL_CONVERSION = YES;
				CLANG_WARN_COMMA = YES;
				CLANG_WARN_CONSTANT_CONVERSION = YES;
				CLANG_WARN_DEPRECATED_OBJC_IMPLEMENTATIONS = YES;
				CLANG_WARN_DIRECT_OBJC_ISA_USAGE = YES_ERROR;
				CLANG_WARN_DOCUMENTATION_COMMENTS = YES;
				CLANG_WARN_EMPTY_BODY = YES;
				CLANG_WARN_ENUM_CONVERSION = YES;
				CLANG_WARN_INFINITE_RECURSION = YES;
				CLANG_WARN_INT_CONVERSION = YES;
				CLANG_WARN_NON_LITERAL_NULL_CONVERSION = YES;
				CLANG_WARN_OBJC_IMPLICIT_RETAIN_SELF = YES;
				CLANG_WARN_OBJC_LITERAL_CONVERSION = YES;
				CLANG_WARN_OBJC_ROOT_CLASS = YES_ERROR;
				CLANG_WARN_QUOTED_INCLUDE_IN_FRAMEWORK_HEADER = YES;
				CLANG_WARN_RANGE_LOOP_ANALYSIS = YES;
				CLANG_WARN_STRICT_PROTOTYPES = YES;
				CLANG_WARN_SUSPICIOUS_MOVE = YES;
				CLANG_WARN_UNGUARDED_AVAILABILITY = YES_AGGRESSIVE;
				CLANG_WARN_UNREACHABLE_CODE = YES;
				CLANG_WARN__DUPLICATE_METHOD_MATCH = YES;
				COPY_PHASE_STRIP = NO;
				DEBUG_INFORMATION_FORMAT = "dwarf-with-dsym";
				ENABLE_NS_ASSERTIONS = NO;
				ENABLE_STRICT_OBJC_MSGSEND = YES;
				GCC_C_LANGUAGE_STANDARD = gnu11;
				GCC_NO_COMMON_BLOCKS = YES;
				GCC_WARN_64_TO_32_BIT_CONVERSION = YES;
				GCC_WARN_ABOUT_RETURN_TYPE = YES_ERROR;
				GCC_WARN_UNDECLARED_SELECTOR = YES;
				GCC_WARN_UNINITIALIZED_AUTOS = YES_AGGRESSIVE;
				GCC_WARN_UNUSED_FUNCTION = YES;
				GCC_WARN_UNUSED_VARIABLE = YES;
				IPHONEOS_DEPLOYMENT_TARGET = 14.4;
				MTL_ENABLE_DEBUG_INFO = NO;
				MTL_FAST_MATH = YES;
				SDKROOT = iphoneos;
				SWIFT_COMPILATION_MODE = wholemodule;
				SWIFT_OPTIMIZATION_LEVEL = "-O";
				VALIDATE_PRODUCT = YES;
			};
			name = Release;
		};
		6439C3CC25DBA16F00F7899C /* Debug */ = {
			isa = XCBuildConfiguration;
			buildSettings = {
				ASSETCATALOG_COMPILER_APPICON_NAME = AppIcon;
				ASSETCATALOG_COMPILER_GLOBAL_ACCENT_COLOR_NAME = AccentColor;
				CODE_SIGN_STYLE = Automatic;
				DEVELOPMENT_ASSET_PATHS = "\"App ToDo/Preview Content\"";
				ENABLE_PREVIEWS = YES;
				INFOPLIST_FILE = "App ToDo/Info.plist";
				IPHONEOS_DEPLOYMENT_TARGET = 14.0;
				LD_RUNPATH_SEARCH_PATHS = (
					"$(inherited)",
					"@executable_path/Frameworks",
				);
				PRODUCT_BUNDLE_IDENTIFIER = "indonesiamenang.App-ToDo";
				PRODUCT_NAME = "$(TARGET_NAME)";
				SWIFT_VERSION = 5.0;
				TARGETED_DEVICE_FAMILY = "1,2";
			};
			name = Debug;
		};
		6439C3CD25DBA16F00F7899C /* Release */ = {
			isa = XCBuildConfiguration;
			buildSettings = {
				ASSETCATALOG_COMPILER_APPICON_NAME = AppIcon;
				ASSETCATALOG_COMPILER_GLOBAL_ACCENT_COLOR_NAME = AccentColor;
				CODE_SIGN_STYLE = Automatic;
				DEVELOPMENT_ASSET_PATHS = "\"App ToDo/Preview Content\"";
				ENABLE_PREVIEWS = YES;
				INFOPLIST_FILE = "App ToDo/Info.plist";
				IPHONEOS_DEPLOYMENT_TARGET = 14.0;
				LD_RUNPATH_SEARCH_PATHS = (
					"$(inherited)",
					"@executable_path/Frameworks",
				);
				PRODUCT_BUNDLE_IDENTIFIER = "indonesiamenang.App-ToDo";
				PRODUCT_NAME = "$(TARGET_NAME)";
				SWIFT_VERSION = 5.0;
				TARGETED_DEVICE_FAMILY = "1,2";
			};
			name = Release;
		};
		6439C3CF25DBA16F00F7899C /* Debug */ = {
			isa = XCBuildConfiguration;
			buildSettings = {
				ALWAYS_EMBED_SWIFT_STANDARD_LIBRARIES = YES;
				BUNDLE_LOADER = "$(TEST_HOST)";
				CODE_SIGN_STYLE = Automatic;
				INFOPLIST_FILE = "App ToDoTests/Info.plist";
				IPHONEOS_DEPLOYMENT_TARGET = 14.0;
				LD_RUNPATH_SEARCH_PATHS = (
					"$(inherited)",
					"@executable_path/Frameworks",
					"@loader_path/Frameworks",
				);
				PRODUCT_BUNDLE_IDENTIFIER = "indonesiamenang.App-ToDoTests";
				PRODUCT_NAME = "$(TARGET_NAME)";
				SWIFT_VERSION = 5.0;
				TARGETED_DEVICE_FAMILY = "1,2";
				TEST_HOST = "$(BUILT_PRODUCTS_DIR)/App ToDo.app/App ToDo";
			};
			name = Debug;
		};
		6439C3D025DBA16F00F7899C /* Release */ = {
			isa = XCBuildConfiguration;
			buildSettings = {
				ALWAYS_EMBED_SWIFT_STANDARD_LIBRARIES = YES;
				BUNDLE_LOADER = "$(TEST_HOST)";
				CODE_SIGN_STYLE = Automatic;
				INFOPLIST_FILE = "App ToDoTests/Info.plist";
				IPHONEOS_DEPLOYMENT_TARGET = 14.0;
				LD_RUNPATH_SEARCH_PATHS = (
					"$(inherited)",
					"@executable_path/Frameworks",
					"@loader_path/Frameworks",
				);
				PRODUCT_BUNDLE_IDENTIFIER = "indonesiamenang.App-ToDoTests";
				PRODUCT_NAME = "$(TARGET_NAME)";
				SWIFT_VERSION = 5.0;
				TARGETED_DEVICE_FAMILY = "1,2";
				TEST_HOST = "$(BUILT_PRODUCTS_DIR)/App ToDo.app/App ToDo";
			};
			name = Release;
		};
		6439C3D225DBA16F00F7899C /* Debug */ = {
			isa = XCBuildConfiguration;
			buildSettings = {
				ALWAYS_EMBED_SWIFT_STANDARD_LIBRARIES = YES;
				CODE_SIGN_STYLE = Automatic;
				INFOPLIST_FILE = "App ToDoUITests/Info.plist";
				LD_RUNPATH_SEARCH_PATHS = (
					"$(inherited)",
					"@executable_path/Frameworks",
					"@loader_path/Frameworks",
				);
				PRODUCT_BUNDLE_IDENTIFIER = "indonesiamenang.App-ToDoUITests";
				PRODUCT_NAME = "$(TARGET_NAME)";
				SWIFT_VERSION = 5.0;
				TARGETED_DEVICE_FAMILY = "1,2";
				TEST_TARGET_NAME = "App ToDo";
			};
			name = Debug;
		};
		6439C3D325DBA16F00F7899C /* Release */ = {
			isa = XCBuildConfiguration;
			buildSettings = {
				ALWAYS_EMBED_SWIFT_STANDARD_LIBRARIES = YES;
				CODE_SIGN_STYLE = Automatic;
				INFOPLIST_FILE = "App ToDoUITests/Info.plist";
				LD_RUNPATH_SEARCH_PATHS = (
					"$(inherited)",
					"@executable_path/Frameworks",
					"@loader_path/Frameworks",
				);
				PRODUCT_BUNDLE_IDENTIFIER = "indonesiamenang.App-ToDoUITests";
				PRODUCT_NAME = "$(TARGET_NAME)";
				SWIFT_VERSION = 5.0;
				TARGETED_DEVICE_FAMILY = "1,2";
				TEST_TARGET_NAME = "App ToDo";
			};
			name = Release;
		};
/* End XCBuildConfiguration section */

/* Begin XCConfigurationList section */
		6439C3A125DBA16E00F7899C /* Build configuration list for PBXProject "App ToDo" */ = {
			isa = XCConfigurationList;
			buildConfigurations = (
				6439C3C925DBA16F00F7899C /* Debug */,
				6439C3CA25DBA16F00F7899C /* Release */,
			);
			defaultConfigurationIsVisible = 0;
			defaultConfigurationName = Release;
		};
		6439C3CB25DBA16F00F7899C /* Build configuration list for PBXNativeTarget "App ToDo" */ = {
			isa = XCConfigurationList;
			buildConfigurations = (
				6439C3CC25DBA16F00F7899C /* Debug */,
				6439C3CD25DBA16F00F7899C /* Release */,
			);
			defaultConfigurationIsVisible = 0;
			defaultConfigurationName = Release;
		};
		6439C3CE25DBA16F00F7899C /* Build configuration list for PBXNativeTarget "App ToDoTests" */ = {
			isa = XCConfigurationList;
			buildConfigurations = (
				6439C3CF25DBA16F00F7899C /* Debug */,
				6439C3D025DBA16F00F7899C /* Release */,
			);
			defaultConfigurationIsVisible = 0;
			defaultConfigurationName = Release;
		};
		6439C3D125DBA16F00F7899C /* Build configuration list for PBXNativeTarget "App ToDoUITests" */ = {
			isa = XCConfigurationList;
			buildConfigurations = (
				6439C3D225DBA16F00F7899C /* Debug */,
				6439C3D325DBA16F00F7899C /* Release */,
			);
			defaultConfigurationIsVisible = 0;
			defaultConfigurationName = Release;
		};
/* End XCConfigurationList section */
	};
	rootObject = 6439C39E25DBA16E00F7899C /* Project object */;
}
